// !$*UTF8*$!
{
	archiveVersion = 1;
	classes = {
	};
	objectVersion = 50;
	objects = {

/* Begin PBXBuildFile section */
		A949463F249E43FE00C4DC46 /* LogContext.swift in Sources */ = {isa = PBXBuildFile; fileRef = A949463E249E43FE00C4DC46 /* LogContext.swift */; };
		A9494642249E490B00C4DC46 /* SettingsOpener.swift in Sources */ = {isa = PBXBuildFile; fileRef = A9494641249E490B00C4DC46 /* SettingsOpener.swift */; };
		A9494645249E4B6C00C4DC46 /* LocationPermissionViewController.swift in Sources */ = {isa = PBXBuildFile; fileRef = A9494644249E4B6C00C4DC46 /* LocationPermissionViewController.swift */; };
		A9494647249E4B9B00C4DC46 /* LocationPermissionViewModel.swift in Sources */ = {isa = PBXBuildFile; fileRef = A9494646249E4B9B00C4DC46 /* LocationPermissionViewModel.swift */; };
		A949464A249E4C3A00C4DC46 /* LocationPermissionsViewModelTest.swift in Sources */ = {isa = PBXBuildFile; fileRef = A9494649249E4C3A00C4DC46 /* LocationPermissionsViewModelTest.swift */; };
		A949464C249E4C9B00C4DC46 /* SettingsOpenMock.swift in Sources */ = {isa = PBXBuildFile; fileRef = A949464B249E4C9B00C4DC46 /* SettingsOpenMock.swift */; };
		A949464E249E4F9200C4DC46 /* NotificationPublishers.swift in Sources */ = {isa = PBXBuildFile; fileRef = A949464D249E4F9200C4DC46 /* NotificationPublishers.swift */; };
		A9494650249E53E600C4DC46 /* NotificationPublishableMock.swift in Sources */ = {isa = PBXBuildFile; fileRef = A949464F249E53E600C4DC46 /* NotificationPublishableMock.swift */; };
		A96FA814249E3A2A008E91F9 /* AppDelegate.swift in Sources */ = {isa = PBXBuildFile; fileRef = A96FA813249E3A2A008E91F9 /* AppDelegate.swift */; };
		A96FA816249E3A2A008E91F9 /* SceneDelegate.swift in Sources */ = {isa = PBXBuildFile; fileRef = A96FA815249E3A2A008E91F9 /* SceneDelegate.swift */; };
		A96FA818249E3A2A008E91F9 /* MainViewController.swift in Sources */ = {isa = PBXBuildFile; fileRef = A96FA817249E3A2A008E91F9 /* MainViewController.swift */; };
		A96FA81B249E3A2B008E91F9 /* Main.storyboard in Resources */ = {isa = PBXBuildFile; fileRef = A96FA819249E3A2B008E91F9 /* Main.storyboard */; };
		A96FA81D249E3A2C008E91F9 /* Assets.xcassets in Resources */ = {isa = PBXBuildFile; fileRef = A96FA81C249E3A2C008E91F9 /* Assets.xcassets */; };
		A96FA820249E3A2C008E91F9 /* LaunchScreen.storyboard in Resources */ = {isa = PBXBuildFile; fileRef = A96FA81E249E3A2C008E91F9 /* LaunchScreen.storyboard */; };
		A96FA838249E3AD6008E91F9 /* MainViewModel.swift in Sources */ = {isa = PBXBuildFile; fileRef = A96FA837249E3AD6008E91F9 /* MainViewModel.swift */; };
		A96FA83A249E3BB5008E91F9 /* MainViewModelTest.swift in Sources */ = {isa = PBXBuildFile; fileRef = A96FA839249E3BB5008E91F9 /* MainViewModelTest.swift */; };
		A96FA83D249E3CCA008E91F9 /* LocationManager.swift in Sources */ = {isa = PBXBuildFile; fileRef = A96FA83C249E3CCA008E91F9 /* LocationManager.swift */; };
		A96FA840249E3E67008E91F9 /* LocationManageableMock.swift in Sources */ = {isa = PBXBuildFile; fileRef = A96FA83F249E3E67008E91F9 /* LocationManageableMock.swift */; };
		A9E7F4E8249E68ED00013595 /* WeatherDataFetcher.swift in Sources */ = {isa = PBXBuildFile; fileRef = A9E7F4E7249E68ED00013595 /* WeatherDataFetcher.swift */; };
		A9E7F4EA249E6A6B00013595 /* WeatherDataFetchableMock.swift in Sources */ = {isa = PBXBuildFile; fileRef = A9E7F4E9249E6A6B00013595 /* WeatherDataFetchableMock.swift */; };
/* End PBXBuildFile section */

/* Begin PBXContainerItemProxy section */
		A96FA827249E3A2C008E91F9 /* PBXContainerItemProxy */ = {
			isa = PBXContainerItemProxy;
			containerPortal = A96FA808249E3A2A008E91F9 /* Project object */;
			proxyType = 1;
			remoteGlobalIDString = A96FA80F249E3A2A008E91F9;
			remoteInfo = WeatherApp;
		};
/* End PBXContainerItemProxy section */

/* Begin PBXFileReference section */
		A949463E249E43FE00C4DC46 /* LogContext.swift */ = {isa = PBXFileReference; lastKnownFileType = sourcecode.swift; path = LogContext.swift; sourceTree = "<group>"; };
		A9494641249E490B00C4DC46 /* SettingsOpener.swift */ = {isa = PBXFileReference; lastKnownFileType = sourcecode.swift; path = SettingsOpener.swift; sourceTree = "<group>"; };
		A9494644249E4B6C00C4DC46 /* LocationPermissionViewController.swift */ = {isa = PBXFileReference; lastKnownFileType = sourcecode.swift; path = LocationPermissionViewController.swift; sourceTree = "<group>"; };
		A9494646249E4B9B00C4DC46 /* LocationPermissionViewModel.swift */ = {isa = PBXFileReference; lastKnownFileType = sourcecode.swift; path = LocationPermissionViewModel.swift; sourceTree = "<group>"; };
		A9494649249E4C3A00C4DC46 /* LocationPermissionsViewModelTest.swift */ = {isa = PBXFileReference; lastKnownFileType = sourcecode.swift; path = LocationPermissionsViewModelTest.swift; sourceTree = "<group>"; };
		A949464B249E4C9B00C4DC46 /* SettingsOpenMock.swift */ = {isa = PBXFileReference; lastKnownFileType = sourcecode.swift; path = SettingsOpenMock.swift; sourceTree = "<group>"; };
		A949464D249E4F9200C4DC46 /* NotificationPublishers.swift */ = {isa = PBXFileReference; lastKnownFileType = sourcecode.swift; path = NotificationPublishers.swift; sourceTree = "<group>"; };
		A949464F249E53E600C4DC46 /* NotificationPublishableMock.swift */ = {isa = PBXFileReference; lastKnownFileType = sourcecode.swift; path = NotificationPublishableMock.swift; sourceTree = "<group>"; };
		A96FA810249E3A2A008E91F9 /* WeatherApp.app */ = {isa = PBXFileReference; explicitFileType = wrapper.application; includeInIndex = 0; path = WeatherApp.app; sourceTree = BUILT_PRODUCTS_DIR; };
		A96FA813249E3A2A008E91F9 /* AppDelegate.swift */ = {isa = PBXFileReference; lastKnownFileType = sourcecode.swift; path = AppDelegate.swift; sourceTree = "<group>"; };
		A96FA815249E3A2A008E91F9 /* SceneDelegate.swift */ = {isa = PBXFileReference; lastKnownFileType = sourcecode.swift; path = SceneDelegate.swift; sourceTree = "<group>"; };
		A96FA817249E3A2A008E91F9 /* MainViewController.swift */ = {isa = PBXFileReference; lastKnownFileType = sourcecode.swift; path = MainViewController.swift; sourceTree = "<group>"; };
		A96FA81A249E3A2B008E91F9 /* Base */ = {isa = PBXFileReference; lastKnownFileType = file.storyboard; name = Base; path = Base.lproj/Main.storyboard; sourceTree = "<group>"; };
		A96FA81C249E3A2C008E91F9 /* Assets.xcassets */ = {isa = PBXFileReference; lastKnownFileType = folder.assetcatalog; path = Assets.xcassets; sourceTree = "<group>"; };
		A96FA81F249E3A2C008E91F9 /* Base */ = {isa = PBXFileReference; lastKnownFileType = file.storyboard; name = Base; path = Base.lproj/LaunchScreen.storyboard; sourceTree = "<group>"; };
		A96FA821249E3A2C008E91F9 /* Info.plist */ = {isa = PBXFileReference; lastKnownFileType = text.plist.xml; path = Info.plist; sourceTree = "<group>"; };
		A96FA826249E3A2C008E91F9 /* WeatherAppTests.xctest */ = {isa = PBXFileReference; explicitFileType = wrapper.cfbundle; includeInIndex = 0; path = WeatherAppTests.xctest; sourceTree = BUILT_PRODUCTS_DIR; };
		A96FA82C249E3A2C008E91F9 /* Info.plist */ = {isa = PBXFileReference; lastKnownFileType = text.plist.xml; path = Info.plist; sourceTree = "<group>"; };
		A96FA837249E3AD6008E91F9 /* MainViewModel.swift */ = {isa = PBXFileReference; lastKnownFileType = sourcecode.swift; path = MainViewModel.swift; sourceTree = "<group>"; };
		A96FA839249E3BB5008E91F9 /* MainViewModelTest.swift */ = {isa = PBXFileReference; lastKnownFileType = sourcecode.swift; path = MainViewModelTest.swift; sourceTree = "<group>"; };
		A96FA83C249E3CCA008E91F9 /* LocationManager.swift */ = {isa = PBXFileReference; lastKnownFileType = sourcecode.swift; path = LocationManager.swift; sourceTree = "<group>"; };
		A96FA83F249E3E67008E91F9 /* LocationManageableMock.swift */ = {isa = PBXFileReference; lastKnownFileType = sourcecode.swift; path = LocationManageableMock.swift; sourceTree = "<group>"; };
		A9E7F4E7249E68ED00013595 /* WeatherDataFetcher.swift */ = {isa = PBXFileReference; lastKnownFileType = sourcecode.swift; path = WeatherDataFetcher.swift; sourceTree = "<group>"; };
		A9E7F4E9249E6A6B00013595 /* WeatherDataFetchableMock.swift */ = {isa = PBXFileReference; lastKnownFileType = sourcecode.swift; path = WeatherDataFetchableMock.swift; sourceTree = "<group>"; };
/* End PBXFileReference section */

/* Begin PBXFrameworksBuildPhase section */
		A96FA80D249E3A2A008E91F9 /* Frameworks */ = {
			isa = PBXFrameworksBuildPhase;
			buildActionMask = 2147483647;
			files = (
			);
			runOnlyForDeploymentPostprocessing = 0;
		};
		A96FA823249E3A2C008E91F9 /* Frameworks */ = {
			isa = PBXFrameworksBuildPhase;
			buildActionMask = 2147483647;
			files = (
			);
			runOnlyForDeploymentPostprocessing = 0;
		};
/* End PBXFrameworksBuildPhase section */

/* Begin PBXGroup section */
		A9494640249E48F100C4DC46 /* Util */ = {
			isa = PBXGroup;
			children = (
				A949463E249E43FE00C4DC46 /* LogContext.swift */,
				A9494641249E490B00C4DC46 /* SettingsOpener.swift */,
				A949464D249E4F9200C4DC46 /* NotificationPublishers.swift */,
			);
			path = Util;
			sourceTree = "<group>";
		};
		A9494643249E4B4D00C4DC46 /* LocationPermissionsView */ = {
			isa = PBXGroup;
			children = (
				A9494644249E4B6C00C4DC46 /* LocationPermissionViewController.swift */,
				A9494646249E4B9B00C4DC46 /* LocationPermissionViewModel.swift */,
			);
			path = LocationPermissionsView;
			sourceTree = "<group>";
		};
		A9494648249E4C0F00C4DC46 /* Main */ = {
			isa = PBXGroup;
			children = (
				A96FA839249E3BB5008E91F9 /* MainViewModelTest.swift */,
				A9494649249E4C3A00C4DC46 /* LocationPermissionsViewModelTest.swift */,
			);
			path = Main;
			sourceTree = "<group>";
		};
		A96FA807249E3A2A008E91F9 = {
			isa = PBXGroup;
			children = (
				A96FA812249E3A2A008E91F9 /* WeatherApp */,
				A96FA829249E3A2C008E91F9 /* WeatherAppTests */,
				A96FA811249E3A2A008E91F9 /* Products */,
			);
			sourceTree = "<group>";
		};
		A96FA811249E3A2A008E91F9 /* Products */ = {
			isa = PBXGroup;
			children = (
				A96FA810249E3A2A008E91F9 /* WeatherApp.app */,
				A96FA826249E3A2C008E91F9 /* WeatherAppTests.xctest */,
			);
			name = Products;
			sourceTree = "<group>";
		};
		A96FA812249E3A2A008E91F9 /* WeatherApp */ = {
			isa = PBXGroup;
			children = (
				A9E7F4E6249E68D800013595 /* Services */,
				A96FA83B249E3CA4008E91F9 /* CoreLocation */,
				A96FA835249E3A9C008E91F9 /* Views */,
				A9494640249E48F100C4DC46 /* Util */,
				A96FA813249E3A2A008E91F9 /* AppDelegate.swift */,
				A96FA815249E3A2A008E91F9 /* SceneDelegate.swift */,
				A96FA81C249E3A2C008E91F9 /* Assets.xcassets */,
				A96FA81E249E3A2C008E91F9 /* LaunchScreen.storyboard */,
				A96FA821249E3A2C008E91F9 /* Info.plist */,
			);
			path = WeatherApp;
			sourceTree = "<group>";
		};
		A96FA829249E3A2C008E91F9 /* WeatherAppTests */ = {
			isa = PBXGroup;
			children = (
				A9494648249E4C0F00C4DC46 /* Main */,
				A96FA83E249E3CEB008E91F9 /* Mocks */,
				A96FA82C249E3A2C008E91F9 /* Info.plist */,
			);
			path = WeatherAppTests;
			sourceTree = "<group>";
		};
		A96FA835249E3A9C008E91F9 /* Views */ = {
			isa = PBXGroup;
			children = (
				A96FA836249E3AA5008E91F9 /* Main */,
			);
			path = Views;
			sourceTree = "<group>";
		};
		A96FA836249E3AA5008E91F9 /* Main */ = {
			isa = PBXGroup;
			children = (
				A9494643249E4B4D00C4DC46 /* LocationPermissionsView */,
				A96FA819249E3A2B008E91F9 /* Main.storyboard */,
				A96FA817249E3A2A008E91F9 /* MainViewController.swift */,
				A96FA837249E3AD6008E91F9 /* MainViewModel.swift */,
			);
			path = Main;
			sourceTree = "<group>";
		};
		A96FA83B249E3CA4008E91F9 /* CoreLocation */ = {
			isa = PBXGroup;
			children = (
				A96FA83C249E3CCA008E91F9 /* LocationManager.swift */,
			);
			path = CoreLocation;
			sourceTree = "<group>";
		};
		A96FA83E249E3CEB008E91F9 /* Mocks */ = {
			isa = PBXGroup;
			children = (
				A96FA83F249E3E67008E91F9 /* LocationManageableMock.swift */,
				A949464B249E4C9B00C4DC46 /* SettingsOpenMock.swift */,
				A949464F249E53E600C4DC46 /* NotificationPublishableMock.swift */,
				A9E7F4E9249E6A6B00013595 /* WeatherDataFetchableMock.swift */,
			);
			path = Mocks;
			sourceTree = "<group>";
		};
		A9E7F4E6249E68D800013595 /* Services */ = {
			isa = PBXGroup;
			children = (
				A9E7F4E7249E68ED00013595 /* WeatherDataFetcher.swift */,
			);
			path = Services;
			sourceTree = "<group>";
		};
/* End PBXGroup section */

/* Begin PBXNativeTarget section */
		A96FA80F249E3A2A008E91F9 /* WeatherApp */ = {
			isa = PBXNativeTarget;
			buildConfigurationList = A96FA82F249E3A2C008E91F9 /* Build configuration list for PBXNativeTarget "WeatherApp" */;
			buildPhases = (
				A96FA80C249E3A2A008E91F9 /* Sources */,
				A96FA80D249E3A2A008E91F9 /* Frameworks */,
				A96FA80E249E3A2A008E91F9 /* Resources */,
			);
			buildRules = (
			);
			dependencies = (
			);
			name = WeatherApp;
			productName = WeatherApp;
			productReference = A96FA810249E3A2A008E91F9 /* WeatherApp.app */;
			productType = "com.apple.product-type.application";
		};
		A96FA825249E3A2C008E91F9 /* WeatherAppTests */ = {
			isa = PBXNativeTarget;
			buildConfigurationList = A96FA832249E3A2C008E91F9 /* Build configuration list for PBXNativeTarget "WeatherAppTests" */;
			buildPhases = (
				A96FA822249E3A2C008E91F9 /* Sources */,
				A96FA823249E3A2C008E91F9 /* Frameworks */,
				A96FA824249E3A2C008E91F9 /* Resources */,
			);
			buildRules = (
			);
			dependencies = (
				A96FA828249E3A2C008E91F9 /* PBXTargetDependency */,
			);
			name = WeatherAppTests;
			productName = WeatherAppTests;
			productReference = A96FA826249E3A2C008E91F9 /* WeatherAppTests.xctest */;
			productType = "com.apple.product-type.bundle.unit-test";
		};
/* End PBXNativeTarget section */

/* Begin PBXProject section */
		A96FA808249E3A2A008E91F9 /* Project object */ = {
			isa = PBXProject;
			attributes = {
				LastSwiftUpdateCheck = 1150;
				LastUpgradeCheck = 1150;
				ORGANIZATIONNAME = SpearWare;
				TargetAttributes = {
					A96FA80F249E3A2A008E91F9 = {
						CreatedOnToolsVersion = 11.5;
					};
					A96FA825249E3A2C008E91F9 = {
						CreatedOnToolsVersion = 11.5;
						TestTargetID = A96FA80F249E3A2A008E91F9;
					};
				};
			};
			buildConfigurationList = A96FA80B249E3A2A008E91F9 /* Build configuration list for PBXProject "WeatherApp" */;
			compatibilityVersion = "Xcode 9.3";
			developmentRegion = en;
			hasScannedForEncodings = 0;
			knownRegions = (
				en,
				Base,
			);
			mainGroup = A96FA807249E3A2A008E91F9;
			productRefGroup = A96FA811249E3A2A008E91F9 /* Products */;
			projectDirPath = "";
			projectRoot = "";
			targets = (
				A96FA80F249E3A2A008E91F9 /* WeatherApp */,
				A96FA825249E3A2C008E91F9 /* WeatherAppTests */,
			);
		};
/* End PBXProject section */

/* Begin PBXResourcesBuildPhase section */
		A96FA80E249E3A2A008E91F9 /* Resources */ = {
			isa = PBXResourcesBuildPhase;
			buildActionMask = 2147483647;
			files = (
				A96FA820249E3A2C008E91F9 /* LaunchScreen.storyboard in Resources */,
				A96FA81D249E3A2C008E91F9 /* Assets.xcassets in Resources */,
				A96FA81B249E3A2B008E91F9 /* Main.storyboard in Resources */,
			);
			runOnlyForDeploymentPostprocessing = 0;
		};
		A96FA824249E3A2C008E91F9 /* Resources */ = {
			isa = PBXResourcesBuildPhase;
			buildActionMask = 2147483647;
			files = (
			);
			runOnlyForDeploymentPostprocessing = 0;
		};
/* End PBXResourcesBuildPhase section */

/* Begin PBXSourcesBuildPhase section */
		A96FA80C249E3A2A008E91F9 /* Sources */ = {
			isa = PBXSourcesBuildPhase;
			buildActionMask = 2147483647;
			files = (
				A96FA818249E3A2A008E91F9 /* MainViewController.swift in Sources */,
				A9494647249E4B9B00C4DC46 /* LocationPermissionViewModel.swift in Sources */,
				A96FA83D249E3CCA008E91F9 /* LocationManager.swift in Sources */,
				A9494645249E4B6C00C4DC46 /* LocationPermissionViewController.swift in Sources */,
				A9494642249E490B00C4DC46 /* SettingsOpener.swift in Sources */,
				A96FA814249E3A2A008E91F9 /* AppDelegate.swift in Sources */,
				A96FA816249E3A2A008E91F9 /* SceneDelegate.swift in Sources */,
				A9E7F4E8249E68ED00013595 /* WeatherDataFetcher.swift in Sources */,
				A949464E249E4F9200C4DC46 /* NotificationPublishers.swift in Sources */,
				A949463F249E43FE00C4DC46 /* LogContext.swift in Sources */,
				A96FA838249E3AD6008E91F9 /* MainViewModel.swift in Sources */,
			);
			runOnlyForDeploymentPostprocessing = 0;
		};
		A96FA822249E3A2C008E91F9 /* Sources */ = {
			isa = PBXSourcesBuildPhase;
			buildActionMask = 2147483647;
			files = (
				A96FA840249E3E67008E91F9 /* LocationManageableMock.swift in Sources */,
				A96FA83A249E3BB5008E91F9 /* MainViewModelTest.swift in Sources */,
				A949464C249E4C9B00C4DC46 /* SettingsOpenMock.swift in Sources */,
				A949464A249E4C3A00C4DC46 /* LocationPermissionsViewModelTest.swift in Sources */,
				A9494650249E53E600C4DC46 /* NotificationPublishableMock.swift in Sources */,
				A9E7F4EA249E6A6B00013595 /* WeatherDataFetchableMock.swift in Sources */,
			);
			runOnlyForDeploymentPostprocessing = 0;
		};
/* End PBXSourcesBuildPhase section */

/* Begin PBXTargetDependency section */
		A96FA828249E3A2C008E91F9 /* PBXTargetDependency */ = {
			isa = PBXTargetDependency;
			target = A96FA80F249E3A2A008E91F9 /* WeatherApp */;
			targetProxy = A96FA827249E3A2C008E91F9 /* PBXContainerItemProxy */;
		};
/* End PBXTargetDependency section */

/* Begin PBXVariantGroup section */
		A96FA819249E3A2B008E91F9 /* Main.storyboard */ = {
			isa = PBXVariantGroup;
			children = (
				A96FA81A249E3A2B008E91F9 /* Base */,
			);
			name = Main.storyboard;
			sourceTree = "<group>";
		};
		A96FA81E249E3A2C008E91F9 /* LaunchScreen.storyboard */ = {
			isa = PBXVariantGroup;
			children = (
				A96FA81F249E3A2C008E91F9 /* Base */,
			);
			name = LaunchScreen.storyboard;
			sourceTree = "<group>";
		};
/* End PBXVariantGroup section */

/* Begin XCBuildConfiguration section */
		A96FA82D249E3A2C008E91F9 /* Debug */ = {
			isa = XCBuildConfiguration;
			buildSettings = {
				ALWAYS_SEARCH_USER_PATHS = NO;
				CLANG_ANALYZER_NONNULL = YES;
				CLANG_ANALYZER_NUMBER_OBJECT_CONVERSION = YES_AGGRESSIVE;
				CLANG_CXX_LANGUAGE_STANDARD = "gnu++14";
				CLANG_CXX_LIBRARY = "libc++";
				CLANG_ENABLE_MODULES = YES;
				CLANG_ENABLE_OBJC_ARC = YES;
				CLANG_ENABLE_OBJC_WEAK = YES;
				CLANG_WARN_BLOCK_CAPTURE_AUTORELEASING = YES;
				CLANG_WARN_BOOL_CONVERSION = YES;
				CLANG_WARN_COMMA = YES;
				CLANG_WARN_CONSTANT_CONVERSION = YES;
				CLANG_WARN_DEPRECATED_OBJC_IMPLEMENTATIONS = YES;
				CLANG_WARN_DIRECT_OBJC_ISA_USAGE = YES_ERROR;
				CLANG_WARN_DOCUMENTATION_COMMENTS = YES;
				CLANG_WARN_EMPTY_BODY = YES;
				CLANG_WARN_ENUM_CONVERSION = YES;
				CLANG_WARN_INFINITE_RECURSION = YES;
				CLANG_WARN_INT_CONVERSION = YES;
				CLANG_WARN_NON_LITERAL_NULL_CONVERSION = YES;
				CLANG_WARN_OBJC_IMPLICIT_RETAIN_SELF = YES;
				CLANG_WARN_OBJC_LITERAL_CONVERSION = YES;
				CLANG_WARN_OBJC_ROOT_CLASS = YES_ERROR;
				CLANG_WARN_RANGE_LOOP_ANALYSIS = YES;
				CLANG_WARN_STRICT_PROTOTYPES = YES;
				CLANG_WARN_SUSPICIOUS_MOVE = YES;
				CLANG_WARN_UNGUARDED_AVAILABILITY = YES_AGGRESSIVE;
				CLANG_WARN_UNREACHABLE_CODE = YES;
				CLANG_WARN__DUPLICATE_METHOD_MATCH = YES;
				COPY_PHASE_STRIP = NO;
				DEBUG_INFORMATION_FORMAT = dwarf;
				ENABLE_STRICT_OBJC_MSGSEND = YES;
				ENABLE_TESTABILITY = YES;
				GCC_C_LANGUAGE_STANDARD = gnu11;
				GCC_DYNAMIC_NO_PIC = NO;
				GCC_NO_COMMON_BLOCKS = YES;
				GCC_OPTIMIZATION_LEVEL = 0;
				GCC_PREPROCESSOR_DEFINITIONS = (
					"DEBUG=1",
					"$(inherited)",
				);
				GCC_WARN_64_TO_32_BIT_CONVERSION = YES;
				GCC_WARN_ABOUT_RETURN_TYPE = YES_ERROR;
				GCC_WARN_UNDECLARED_SELECTOR = YES;
				GCC_WARN_UNINITIALIZED_AUTOS = YES_AGGRESSIVE;
				GCC_WARN_UNUSED_FUNCTION = YES;
				GCC_WARN_UNUSED_VARIABLE = YES;
				IPHONEOS_DEPLOYMENT_TARGET = 13.5;
				MTL_ENABLE_DEBUG_INFO = INCLUDE_SOURCE;
				MTL_FAST_MATH = YES;
				ONLY_ACTIVE_ARCH = YES;
				SDKROOT = iphoneos;
				SWIFT_ACTIVE_COMPILATION_CONDITIONS = DEBUG;
				SWIFT_OPTIMIZATION_LEVEL = "-Onone";
			};
			name = Debug;
		};
		A96FA82E249E3A2C008E91F9 /* Release */ = {
			isa = XCBuildConfiguration;
			buildSettings = {
				ALWAYS_SEARCH_USER_PATHS = NO;
				CLANG_ANALYZER_NONNULL = YES;
				CLANG_ANALYZER_NUMBER_OBJECT_CONVERSION = YES_AGGRESSIVE;
				CLANG_CXX_LANGUAGE_STANDARD = "gnu++14";
				CLANG_CXX_LIBRARY = "libc++";
				CLANG_ENABLE_MODULES = YES;
				CLANG_ENABLE_OBJC_ARC = YES;
				CLANG_ENABLE_OBJC_WEAK = YES;
				CLANG_WARN_BLOCK_CAPTURE_AUTORELEASING = YES;
				CLANG_WARN_BOOL_CONVERSION = YES;
				CLANG_WARN_COMMA = YES;
				CLANG_WARN_CONSTANT_CONVERSION = YES;
				CLANG_WARN_DEPRECATED_OBJC_IMPLEMENTATIONS = YES;
				CLANG_WARN_DIRECT_OBJC_ISA_USAGE = YES_ERROR;
				CLANG_WARN_DOCUMENTATION_COMMENTS = YES;
				CLANG_WARN_EMPTY_BODY = YES;
				CLANG_WARN_ENUM_CONVERSION = YES;
				CLANG_WARN_INFINITE_RECURSION = YES;
				CLANG_WARN_INT_CONVERSION = YES;
				CLANG_WARN_NON_LITERAL_NULL_CONVERSION = YES;
				CLANG_WARN_OBJC_IMPLICIT_RETAIN_SELF = YES;
				CLANG_WARN_OBJC_LITERAL_CONVERSION = YES;
				CLANG_WARN_OBJC_ROOT_CLASS = YES_ERROR;
				CLANG_WARN_RANGE_LOOP_ANALYSIS = YES;
				CLANG_WARN_STRICT_PROTOTYPES = YES;
				CLANG_WARN_SUSPICIOUS_MOVE = YES;
				CLANG_WARN_UNGUARDED_AVAILABILITY = YES_AGGRESSIVE;
				CLANG_WARN_UNREACHABLE_CODE = YES;
				CLANG_WARN__DUPLICATE_METHOD_MATCH = YES;
				COPY_PHASE_STRIP = NO;
				DEBUG_INFORMATION_FORMAT = "dwarf-with-dsym";
				ENABLE_NS_ASSERTIONS = NO;
				ENABLE_STRICT_OBJC_MSGSEND = YES;
				GCC_C_LANGUAGE_STANDARD = gnu11;
				GCC_NO_COMMON_BLOCKS = YES;
				GCC_WARN_64_TO_32_BIT_CONVERSION = YES;
				GCC_WARN_ABOUT_RETURN_TYPE = YES_ERROR;
				GCC_WARN_UNDECLARED_SELECTOR = YES;
				GCC_WARN_UNINITIALIZED_AUTOS = YES_AGGRESSIVE;
				GCC_WARN_UNUSED_FUNCTION = YES;
				GCC_WARN_UNUSED_VARIABLE = YES;
				IPHONEOS_DEPLOYMENT_TARGET = 13.5;
				MTL_ENABLE_DEBUG_INFO = NO;
				MTL_FAST_MATH = YES;
				SDKROOT = iphoneos;
				SWIFT_COMPILATION_MODE = wholemodule;
				SWIFT_OPTIMIZATION_LEVEL = "-O";
				VALIDATE_PRODUCT = YES;
			};
			name = Release;
		};
		A96FA830249E3A2C008E91F9 /* Debug */ = {
			isa = XCBuildConfiguration;
			buildSettings = {
				ASSETCATALOG_COMPILER_APPICON_NAME = AppIcon;
				CODE_SIGN_STYLE = Automatic;
				DEVELOPMENT_TEAM = FUNW4GUS24;
				INFOPLIST_FILE = WeatherApp/Info.plist;
				LD_RUNPATH_SEARCH_PATHS = (
					"$(inherited)",
					"@executable_path/Frameworks",
				);
				PRODUCT_BUNDLE_IDENTIFIER = com.spearware.WeatherApp;
				PRODUCT_NAME = "$(TARGET_NAME)";
				SWIFT_VERSION = 5.0;
				TARGETED_DEVICE_FAMILY = "1,2";
			};
			name = Debug;
		};
		A96FA831249E3A2C008E91F9 /* Release */ = {
			isa = XCBuildConfiguration;
			buildSettings = {
				ASSETCATALOG_COMPILER_APPICON_NAME = AppIcon;
				CODE_SIGN_STYLE = Automatic;
				DEVELOPMENT_TEAM = FUNW4GUS24;
				INFOPLIST_FILE = WeatherApp/Info.plist;
				LD_RUNPATH_SEARCH_PATHS = (
					"$(inherited)",
					"@executable_path/Frameworks",
				);
				PRODUCT_BUNDLE_IDENTIFIER = com.spearware.WeatherApp;
				PRODUCT_NAME = "$(TARGET_NAME)";
				SWIFT_VERSION = 5.0;
				TARGETED_DEVICE_FAMILY = "1,2";
			};
			name = Release;
		};
		A96FA833249E3A2C008E91F9 /* Debug */ = {
			isa = XCBuildConfiguration;
			buildSettings = {
				ALWAYS_EMBED_SWIFT_STANDARD_LIBRARIES = YES;
				BUNDLE_LOADER = "$(TEST_HOST)";
				CODE_SIGN_STYLE = Automatic;
				DEVELOPMENT_TEAM = FUNW4GUS24;
				INFOPLIST_FILE = WeatherAppTests/Info.plist;
				IPHONEOS_DEPLOYMENT_TARGET = 13.5;
				LD_RUNPATH_SEARCH_PATHS = (
					"$(inherited)",
					"@executable_path/Frameworks",
					"@loader_path/Frameworks",
				);
				PRODUCT_BUNDLE_IDENTIFIER = com.spearware.WeatherAppTests;
				PRODUCT_NAME = "$(TARGET_NAME)";
				SWIFT_VERSION = 5.0;
				TARGETED_DEVICE_FAMILY = "1,2";
				TEST_HOST = "$(BUILT_PRODUCTS_DIR)/WeatherApp.app/WeatherApp";
			};
			name = Debug;
		};
		A96FA834249E3A2C008E91F9 /* Release */ = {
			isa = XCBuildConfiguration;
			buildSettings = {
				ALWAYS_EMBED_SWIFT_STANDARD_LIBRARIES = YES;
				BUNDLE_LOADER = "$(TEST_HOST)";
				CODE_SIGN_STYLE = Automatic;
				DEVELOPMENT_TEAM = FUNW4GUS24;
				INFOPLIST_FILE = WeatherAppTests/Info.plist;
				IPHONEOS_DEPLOYMENT_TARGET = 13.5;
				LD_RUNPATH_SEARCH_PATHS = (
					"$(inherited)",
					"@executable_path/Frameworks",
					"@loader_path/Frameworks",
				);
				PRODUCT_BUNDLE_IDENTIFIER = com.spearware.WeatherAppTests;
				PRODUCT_NAME = "$(TARGET_NAME)";
				SWIFT_VERSION = 5.0;
				TARGETED_DEVICE_FAMILY = "1,2";
				TEST_HOST = "$(BUILT_PRODUCTS_DIR)/WeatherApp.app/WeatherApp";
			};
			name = Release;
		};
/* End XCBuildConfiguration section */

/* Begin XCConfigurationList section */
		A96FA80B249E3A2A008E91F9 /* Build configuration list for PBXProject "WeatherApp" */ = {
			isa = XCConfigurationList;
			buildConfigurations = (
				A96FA82D249E3A2C008E91F9 /* Debug */,
				A96FA82E249E3A2C008E91F9 /* Release */,
			);
			defaultConfigurationIsVisible = 0;
			defaultConfigurationName = Release;
		};
		A96FA82F249E3A2C008E91F9 /* Build configuration list for PBXNativeTarget "WeatherApp" */ = {
			isa = XCConfigurationList;
			buildConfigurations = (
				A96FA830249E3A2C008E91F9 /* Debug */,
				A96FA831249E3A2C008E91F9 /* Release */,
			);
			defaultConfigurationIsVisible = 0;
			defaultConfigurationName = Release;
		};
		A96FA832249E3A2C008E91F9 /* Build configuration list for PBXNativeTarget "WeatherAppTests" */ = {
			isa = XCConfigurationList;
			buildConfigurations = (
				A96FA833249E3A2C008E91F9 /* Debug */,
				A96FA834249E3A2C008E91F9 /* Release */,
			);
			defaultConfigurationIsVisible = 0;
			defaultConfigurationName = Release;
		};
/* End XCConfigurationList section */
	};
	rootObject = A96FA808249E3A2A008E91F9 /* Project object */;
}
